
Microsoft Visual Studio Solution File, Format Version 12.00
# Visual Studio 14
VisualStudioVersion = 14.0.25420.1
MinimumVisualStudioVersion = 10.0.40219.1
Project("{FAE04EC0-301F-11D3-BF4B-00C04F79EFBC}") = "W3CLogCnt", "W3CLogCnt\W3CLogCnt.csproj", "{84DD5644-AB90-4CF8-99B5-174FF3879DEA}"
EndProject
Global
	GlobalSection(SolutionConfigurationPlatforms) = preSolution
		Debug|Any CPU = Debug|Any CPU
		Release|Any CPU = Release|Any CPU
	EndGlobalSection
	GlobalSection(ProjectConfigurationPlatforms) = postSolution
		{84DD5644-AB90-4CF8-99B5-174FF3879DEA}.Debug|Any CPU.ActiveCfg = Debug|Any CPU
		{84DD5644-AB90-4CF8-99B5-174FF3879DEA}.Debug|Any CPU.Build.0 = Debug|Any CPU
		{84DD5644-AB90-4CF8-99B5-174FF3879DEA}.Release|Any CPU.ActiveCfg = Release|Any CPU
		{84DD5644-AB90-4CF8-99B5-174FF3879DEA}.Release|Any CPU.Build.0 = Release|Any CPU
	EndGlobalSection
	GlobalSection(SolutionProperties) = preSolution
		HideSolutionNode = FALSE
	EndGlobalSection
EndGlobal
